
Microsoft Visual Studio Solution File, Format Version 12.00
# Visual Studio Version 17
VisualStudioVersion = 17.11.35219.272
MinimumVisualStudioVersion = 10.0.40219.1
Project("{9A19103F-16F7-4668-BE54-9A1E7A4F7556}") = "MobStore", "MobStore\MobStore.csproj", "{743B87D0-6B61-44E5-8FC3-DCD822FB5C70}"
EndProject
Global
	GlobalSection(SolutionConfigurationPlatforms) = preSolution
		Debug|Any CPU = Debug|Any CPU
		Release|Any CPU = Release|Any CPU
	EndGlobalSection
	GlobalSection(ProjectConfigurationPlatforms) = postSolution
		{743B87D0-6B61-44E5-8FC3-DCD822FB5C70}.Debug|Any CPU.ActiveCfg = Debug|Any CPU
		{743B87D0-6B61-44E5-8FC3-DCD822FB5C70}.Debug|Any CPU.Build.0 = Debug|Any CPU
		{743B87D0-6B61-44E5-8FC3-DCD822FB5C70}.Release|Any CPU.ActiveCfg = Release|Any CPU
		{743B87D0-6B61-44E5-8FC3-DCD822FB5C70}.Release|Any CPU.Build.0 = Release|Any CPU
	EndGlobalSection
	GlobalSection(SolutionProperties) = preSolution
		HideSolutionNode = FALSE
	EndGlobalSection
	GlobalSection(ExtensibilityGlobals) = postSolution
		SolutionGuid = {28CC6B4A-AD65-4F54-9F48-C08BC105AD72}
	EndGlobalSection
EndGlobal
